
Microsoft Visual Studio Solution File, Format Version 12.00
# Visual Studio Version 17
VisualStudioVersion = 17.2.32630.192
MinimumVisualStudioVersion = 10.0.40219.1
Project("{9A19103F-16F7-4668-BE54-9A1E7A4F7556}") = "F10Y.L0024", "F10Y.L0024\F10Y.L0024.csproj", "{71E25A6F-3400-49BD-8D73-0E02CE9EBBC2}"
EndProject
Project("{2150E333-8FDC-42A3-9474-1A3956D46DE8}") = "_Dependencies", "_Dependencies", "{E5B0CE92-4468-42D4-B52B-9FF323E64A30}"
EndProject
Project("{9A19103F-16F7-4668-BE54-9A1E7A4F7556}") = "F10Y.NG0003", "..\..\F10Y.NG0003\source\F10Y.NG0003\F10Y.NG0003.csproj", "{C65FE088-F1BB-46F0-8F1E-21DA864EC2CF}"
EndProject
Global
	GlobalSection(NestedProjects) = preSolution
		{C65FE088-F1BB-46F0-8F1E-21DA864EC2CF} = {E5B0CE92-4468-42D4-B52B-9FF323E64A30}
	EndGlobalSection
	GlobalSection(SolutionConfigurationPlatforms) = preSolution
		Debug|Any CPU = Debug|Any CPU
		Release|Any CPU = Release|Any CPU
	EndGlobalSection
	GlobalSection(ProjectConfigurationPlatforms) = postSolution
		{71E25A6F-3400-49BD-8D73-0E02CE9EBBC2}.Debug|Any CPU.ActiveCfg = Debug|Any CPU
		{71E25A6F-3400-49BD-8D73-0E02CE9EBBC2}.Debug|Any CPU.Build.0 = Debug|Any CPU
		{71E25A6F-3400-49BD-8D73-0E02CE9EBBC2}.Release|Any CPU.ActiveCfg = Release|Any CPU
		{71E25A6F-3400-49BD-8D73-0E02CE9EBBC2}.Release|Any CPU.Build.0 = Release|Any CPU
		{C65FE088-F1BB-46F0-8F1E-21DA864EC2CF}.Debug|Any CPU.ActiveCfg = Debug|Any CPU
		{C65FE088-F1BB-46F0-8F1E-21DA864EC2CF}.Debug|Any CPU.Build.0 = Debug|Any CPU
		{C65FE088-F1BB-46F0-8F1E-21DA864EC2CF}.Release|Any CPU.ActiveCfg = Release|Any CPU
		{C65FE088-F1BB-46F0-8F1E-21DA864EC2CF}.Release|Any CPU.Build.0 = Release|Any CPU
	EndGlobalSection
	GlobalSection(SolutionProperties) = preSolution
		HideSolutionNode = FALSE
	EndGlobalSection
	GlobalSection(ExtensibilityGlobals) = postSolution
		SolutionGuid = {A4CF3994-AC74-4E62-A526-06C199CAD06B}
	EndGlobalSection
EndGlobal
