
Microsoft Visual Studio Solution File, Format Version 12.00
# Visual Studio Version 17
VisualStudioVersion = 17.2.32630.192
MinimumVisualStudioVersion = 10.0.40219.1
Project("{9A19103F-16F7-4668-BE54-9A1E7A4F7556}") = "F10Y.L0024.Construction", "F10Y.L0024.Construction\F10Y.L0024.Construction.csproj", "{3324F9FF-15D5-4BEC-98F7-9346DC6957F0}"
EndProject
Project("{9A19103F-16F7-4668-BE54-9A1E7A4F7556}") = "F10Y.L0024", "F10Y.L0024\F10Y.L0024.csproj", "{39B77FE8-6006-4BFB-A878-70AA7D764D11}"
EndProject
Project("{2150E333-8FDC-42A3-9474-1A3956D46DE8}") = "_Dependencies", "_Dependencies", "{D5D551D5-5926-4E00-BA80-CF2CF43E4DC6}"
EndProject
Project("{9A19103F-16F7-4668-BE54-9A1E7A4F7556}") = "F10Y.NG0003", "..\..\F10Y.NG0003\source\F10Y.NG0003\F10Y.NG0003.csproj", "{3A062470-53E6-40E7-835E-CF9613BC1659}"
EndProject
Project("{9A19103F-16F7-4668-BE54-9A1E7A4F7556}") = "F10Y.L0024.Q000", "F10Y.L0024.Q000\F10Y.L0024.Q000.csproj", "{D9B1F9A4-15DD-47DC-A1FA-2F28ABEEB6C3}"
EndProject
Project("{9A19103F-16F7-4668-BE54-9A1E7A4F7556}") = "F10Y.L0000", "..\..\F10Y.L0000\source\F10Y.L0000\F10Y.L0000.csproj", "{4E2E9EC7-42F6-4FCB-8B9C-92998E4860D0}"
EndProject
Project("{9A19103F-16F7-4668-BE54-9A1E7A4F7556}") = "F10Y.T0000", "..\..\F10Y.T0000\source\F10Y.T0000\F10Y.T0000.csproj", "{5E50BA8E-660C-41C2-917B-E4E7FE78D6F0}"
EndProject
Project("{9A19103F-16F7-4668-BE54-9A1E7A4F7556}") = "F10Y.T0001", "..\..\F10Y.T0001\source\F10Y.T0001\F10Y.T0001.csproj", "{42FA5224-72C7-499E-8D76-65EF510E6DA9}"
EndProject
Project("{9A19103F-16F7-4668-BE54-9A1E7A4F7556}") = "F10Y.T0002", "..\..\F10Y.T0002\source\F10Y.T0002\F10Y.T0002.csproj", "{4EB8367D-118C-40A6-B9AF-CA3F7FA323B2}"
EndProject
Project("{9A19103F-16F7-4668-BE54-9A1E7A4F7556}") = "F10Y.T0003", "..\..\F10Y.T0003\source\F10Y.T0003\F10Y.T0003.csproj", "{8EF2CCBE-5B63-43A6-9E5F-E7A10A57A0DE}"
EndProject
Project("{9A19103F-16F7-4668-BE54-9A1E7A4F7556}") = "F10Y.T0004", "..\..\F10Y.T0004\source\F10Y.T0004\F10Y.T0004.csproj", "{B5B81DDB-1EF0-4906-953C-115CFEACC007}"
EndProject
Project("{9A19103F-16F7-4668-BE54-9A1E7A4F7556}") = "F10Y.T0011", "..\..\F10Y.T0011\source\F10Y.T0011\F10Y.T0011.csproj", "{AAA6A09F-47CC-4DF2-9514-D5421227B060}"
EndProject
Project("{9A19103F-16F7-4668-BE54-9A1E7A4F7556}") = "F10Y.Y0000", "..\..\F10Y.Y0000\source\F10Y.Y0000\F10Y.Y0000.csproj", "{7452467C-14DF-4418-AC8D-1B5789E56129}"
EndProject
Project("{9A19103F-16F7-4668-BE54-9A1E7A4F7556}") = "F10Y.L0019", "..\..\F10Y.L0019\source\F10Y.L0019\F10Y.L0019.csproj", "{153EA298-8185-459E-B93D-1D17B049D0A4}"
EndProject
Project("{9A19103F-16F7-4668-BE54-9A1E7A4F7556}") = "F10Y.L0004.L000", "..\..\F10Y.L0004\source\F10Y.L0004.L000\F10Y.L0004.L000.csproj", "{39B67031-93B9-4603-B652-172D40174295}"
EndProject
Project("{9A19103F-16F7-4668-BE54-9A1E7A4F7556}") = "F10Y.Z0000", "..\..\F10Y.Z0000\source\F10Y.Z0000\F10Y.Z0000.csproj", "{FD8DCD44-D73C-4CFC-B085-652752311CC2}"
EndProject
Project("{9A19103F-16F7-4668-BE54-9A1E7A4F7556}") = "F10Y.T0006", "..\..\F10Y.T0006\source\F10Y.T0006\F10Y.T0006.csproj", "{F399B07E-7D91-4767-A428-FE4FF315A077}"
EndProject
Project("{9A19103F-16F7-4668-BE54-9A1E7A4F7556}") = "F10Y.L0001.L001", "..\..\F10Y.L0001\source\F10Y.L0001.L001\F10Y.L0001.L001.csproj", "{0F6E06E2-9165-4B23-9B23-3CA6D803719D}"
EndProject
Project("{9A19103F-16F7-4668-BE54-9A1E7A4F7556}") = "F10Y.Z0000.Z000", "..\..\F10Y.Z0000\source\F10Y.Z0000.Z000\F10Y.Z0000.Z000.csproj", "{C9A4DC5A-8565-4813-9B97-62B8E040E034}"
EndProject
Project("{9A19103F-16F7-4668-BE54-9A1E7A4F7556}") = "F10Y.Z0000.Z001", "..\..\F10Y.Z0000\source\F10Y.Z0000.Z001\F10Y.Z0000.Z001.csproj", "{3E5D91B7-EA88-415C-984C-A7ED7A87ED39}"
EndProject
Global
	GlobalSection(NestedProjects) = preSolution
		{3A062470-53E6-40E7-835E-CF9613BC1659} = {D5D551D5-5926-4E00-BA80-CF2CF43E4DC6}
		{4E2E9EC7-42F6-4FCB-8B9C-92998E4860D0} = {D5D551D5-5926-4E00-BA80-CF2CF43E4DC6}
		{5E50BA8E-660C-41C2-917B-E4E7FE78D6F0} = {D5D551D5-5926-4E00-BA80-CF2CF43E4DC6}
		{42FA5224-72C7-499E-8D76-65EF510E6DA9} = {D5D551D5-5926-4E00-BA80-CF2CF43E4DC6}
		{4EB8367D-118C-40A6-B9AF-CA3F7FA323B2} = {D5D551D5-5926-4E00-BA80-CF2CF43E4DC6}
		{8EF2CCBE-5B63-43A6-9E5F-E7A10A57A0DE} = {D5D551D5-5926-4E00-BA80-CF2CF43E4DC6}
		{B5B81DDB-1EF0-4906-953C-115CFEACC007} = {D5D551D5-5926-4E00-BA80-CF2CF43E4DC6}
		{AAA6A09F-47CC-4DF2-9514-D5421227B060} = {D5D551D5-5926-4E00-BA80-CF2CF43E4DC6}
		{7452467C-14DF-4418-AC8D-1B5789E56129} = {D5D551D5-5926-4E00-BA80-CF2CF43E4DC6}
		{153EA298-8185-459E-B93D-1D17B049D0A4} = {D5D551D5-5926-4E00-BA80-CF2CF43E4DC6}
		{39B67031-93B9-4603-B652-172D40174295} = {D5D551D5-5926-4E00-BA80-CF2CF43E4DC6}
		{FD8DCD44-D73C-4CFC-B085-652752311CC2} = {D5D551D5-5926-4E00-BA80-CF2CF43E4DC6}
		{F399B07E-7D91-4767-A428-FE4FF315A077} = {D5D551D5-5926-4E00-BA80-CF2CF43E4DC6}
		{0F6E06E2-9165-4B23-9B23-3CA6D803719D} = {D5D551D5-5926-4E00-BA80-CF2CF43E4DC6}
		{C9A4DC5A-8565-4813-9B97-62B8E040E034} = {D5D551D5-5926-4E00-BA80-CF2CF43E4DC6}
		{3E5D91B7-EA88-415C-984C-A7ED7A87ED39} = {D5D551D5-5926-4E00-BA80-CF2CF43E4DC6}
	EndGlobalSection
	GlobalSection(SolutionConfigurationPlatforms) = preSolution
		Debug|Any CPU = Debug|Any CPU
		Release|Any CPU = Release|Any CPU
	EndGlobalSection
	GlobalSection(ProjectConfigurationPlatforms) = postSolution
		{3324F9FF-15D5-4BEC-98F7-9346DC6957F0}.Debug|Any CPU.ActiveCfg = Debug|Any CPU
		{3324F9FF-15D5-4BEC-98F7-9346DC6957F0}.Debug|Any CPU.Build.0 = Debug|Any CPU
		{3324F9FF-15D5-4BEC-98F7-9346DC6957F0}.Release|Any CPU.ActiveCfg = Release|Any CPU
		{3324F9FF-15D5-4BEC-98F7-9346DC6957F0}.Release|Any CPU.Build.0 = Release|Any CPU
		{39B77FE8-6006-4BFB-A878-70AA7D764D11}.Debug|Any CPU.ActiveCfg = Debug|Any CPU
		{39B77FE8-6006-4BFB-A878-70AA7D764D11}.Debug|Any CPU.Build.0 = Debug|Any CPU
		{39B77FE8-6006-4BFB-A878-70AA7D764D11}.Release|Any CPU.ActiveCfg = Release|Any CPU
		{39B77FE8-6006-4BFB-A878-70AA7D764D11}.Release|Any CPU.Build.0 = Release|Any CPU
		{3A062470-53E6-40E7-835E-CF9613BC1659}.Debug|Any CPU.ActiveCfg = Debug|Any CPU
		{3A062470-53E6-40E7-835E-CF9613BC1659}.Debug|Any CPU.Build.0 = Debug|Any CPU
		{3A062470-53E6-40E7-835E-CF9613BC1659}.Release|Any CPU.ActiveCfg = Release|Any CPU
		{3A062470-53E6-40E7-835E-CF9613BC1659}.Release|Any CPU.Build.0 = Release|Any CPU
		{D9B1F9A4-15DD-47DC-A1FA-2F28ABEEB6C3}.Debug|Any CPU.ActiveCfg = Debug|Any CPU
		{D9B1F9A4-15DD-47DC-A1FA-2F28ABEEB6C3}.Debug|Any CPU.Build.0 = Debug|Any CPU
		{D9B1F9A4-15DD-47DC-A1FA-2F28ABEEB6C3}.Release|Any CPU.ActiveCfg = Release|Any CPU
		{D9B1F9A4-15DD-47DC-A1FA-2F28ABEEB6C3}.Release|Any CPU.Build.0 = Release|Any CPU
		{4E2E9EC7-42F6-4FCB-8B9C-92998E4860D0}.Debug|Any CPU.ActiveCfg = Debug|Any CPU
		{4E2E9EC7-42F6-4FCB-8B9C-92998E4860D0}.Debug|Any CPU.Build.0 = Debug|Any CPU
		{4E2E9EC7-42F6-4FCB-8B9C-92998E4860D0}.Release|Any CPU.ActiveCfg = Release|Any CPU
		{4E2E9EC7-42F6-4FCB-8B9C-92998E4860D0}.Release|Any CPU.Build.0 = Release|Any CPU
		{5E50BA8E-660C-41C2-917B-E4E7FE78D6F0}.Debug|Any CPU.ActiveCfg = Debug|Any CPU
		{5E50BA8E-660C-41C2-917B-E4E7FE78D6F0}.Debug|Any CPU.Build.0 = Debug|Any CPU
		{5E50BA8E-660C-41C2-917B-E4E7FE78D6F0}.Release|Any CPU.ActiveCfg = Release|Any CPU
		{5E50BA8E-660C-41C2-917B-E4E7FE78D6F0}.Release|Any CPU.Build.0 = Release|Any CPU
		{42FA5224-72C7-499E-8D76-65EF510E6DA9}.Debug|Any CPU.ActiveCfg = Debug|Any CPU
		{42FA5224-72C7-499E-8D76-65EF510E6DA9}.Debug|Any CPU.Build.0 = Debug|Any CPU
		{42FA5224-72C7-499E-8D76-65EF510E6DA9}.Release|Any CPU.ActiveCfg = Release|Any CPU
		{42FA5224-72C7-499E-8D76-65EF510E6DA9}.Release|Any CPU.Build.0 = Release|Any CPU
		{4EB8367D-118C-40A6-B9AF-CA3F7FA323B2}.Debug|Any CPU.ActiveCfg = Debug|Any CPU
		{4EB8367D-118C-40A6-B9AF-CA3F7FA323B2}.Debug|Any CPU.Build.0 = Debug|Any CPU
		{4EB8367D-118C-40A6-B9AF-CA3F7FA323B2}.Release|Any CPU.ActiveCfg = Release|Any CPU
		{4EB8367D-118C-40A6-B9AF-CA3F7FA323B2}.Release|Any CPU.Build.0 = Release|Any CPU
		{8EF2CCBE-5B63-43A6-9E5F-E7A10A57A0DE}.Debug|Any CPU.ActiveCfg = Debug|Any CPU
		{8EF2CCBE-5B63-43A6-9E5F-E7A10A57A0DE}.Debug|Any CPU.Build.0 = Debug|Any CPU
		{8EF2CCBE-5B63-43A6-9E5F-E7A10A57A0DE}.Release|Any CPU.ActiveCfg = Release|Any CPU
		{8EF2CCBE-5B63-43A6-9E5F-E7A10A57A0DE}.Release|Any CPU.Build.0 = Release|Any CPU
		{B5B81DDB-1EF0-4906-953C-115CFEACC007}.Debug|Any CPU.ActiveCfg = Debug|Any CPU
		{B5B81DDB-1EF0-4906-953C-115CFEACC007}.Debug|Any CPU.Build.0 = Debug|Any CPU
		{B5B81DDB-1EF0-4906-953C-115CFEACC007}.Release|Any CPU.ActiveCfg = Release|Any CPU
		{B5B81DDB-1EF0-4906-953C-115CFEACC007}.Release|Any CPU.Build.0 = Release|Any CPU
		{AAA6A09F-47CC-4DF2-9514-D5421227B060}.Debug|Any CPU.ActiveCfg = Debug|Any CPU
		{AAA6A09F-47CC-4DF2-9514-D5421227B060}.Debug|Any CPU.Build.0 = Debug|Any CPU
		{AAA6A09F-47CC-4DF2-9514-D5421227B060}.Release|Any CPU.ActiveCfg = Release|Any CPU
		{AAA6A09F-47CC-4DF2-9514-D5421227B060}.Release|Any CPU.Build.0 = Release|Any CPU
		{7452467C-14DF-4418-AC8D-1B5789E56129}.Debug|Any CPU.ActiveCfg = Debug|Any CPU
		{7452467C-14DF-4418-AC8D-1B5789E56129}.Debug|Any CPU.Build.0 = Debug|Any CPU
		{7452467C-14DF-4418-AC8D-1B5789E56129}.Release|Any CPU.ActiveCfg = Release|Any CPU
		{7452467C-14DF-4418-AC8D-1B5789E56129}.Release|Any CPU.Build.0 = Release|Any CPU
		{153EA298-8185-459E-B93D-1D17B049D0A4}.Debug|Any CPU.ActiveCfg = Debug|Any CPU
		{153EA298-8185-459E-B93D-1D17B049D0A4}.Debug|Any CPU.Build.0 = Debug|Any CPU
		{153EA298-8185-459E-B93D-1D17B049D0A4}.Release|Any CPU.ActiveCfg = Release|Any CPU
		{153EA298-8185-459E-B93D-1D17B049D0A4}.Release|Any CPU.Build.0 = Release|Any CPU
		{39B67031-93B9-4603-B652-172D40174295}.Debug|Any CPU.ActiveCfg = Debug|Any CPU
		{39B67031-93B9-4603-B652-172D40174295}.Debug|Any CPU.Build.0 = Debug|Any CPU
		{39B67031-93B9-4603-B652-172D40174295}.Release|Any CPU.ActiveCfg = Release|Any CPU
		{39B67031-93B9-4603-B652-172D40174295}.Release|Any CPU.Build.0 = Release|Any CPU
		{FD8DCD44-D73C-4CFC-B085-652752311CC2}.Debug|Any CPU.ActiveCfg = Debug|Any CPU
		{FD8DCD44-D73C-4CFC-B085-652752311CC2}.Debug|Any CPU.Build.0 = Debug|Any CPU
		{FD8DCD44-D73C-4CFC-B085-652752311CC2}.Release|Any CPU.ActiveCfg = Release|Any CPU
		{FD8DCD44-D73C-4CFC-B085-652752311CC2}.Release|Any CPU.Build.0 = Release|Any CPU
		{F399B07E-7D91-4767-A428-FE4FF315A077}.Debug|Any CPU.ActiveCfg = Debug|Any CPU
		{F399B07E-7D91-4767-A428-FE4FF315A077}.Debug|Any CPU.Build.0 = Debug|Any CPU
		{F399B07E-7D91-4767-A428-FE4FF315A077}.Release|Any CPU.ActiveCfg = Release|Any CPU
		{F399B07E-7D91-4767-A428-FE4FF315A077}.Release|Any CPU.Build.0 = Release|Any CPU
		{0F6E06E2-9165-4B23-9B23-3CA6D803719D}.Debug|Any CPU.ActiveCfg = Debug|Any CPU
		{0F6E06E2-9165-4B23-9B23-3CA6D803719D}.Debug|Any CPU.Build.0 = Debug|Any CPU
		{0F6E06E2-9165-4B23-9B23-3CA6D803719D}.Release|Any CPU.ActiveCfg = Release|Any CPU
		{0F6E06E2-9165-4B23-9B23-3CA6D803719D}.Release|Any CPU.Build.0 = Release|Any CPU
		{C9A4DC5A-8565-4813-9B97-62B8E040E034}.Debug|Any CPU.ActiveCfg = Debug|Any CPU
		{C9A4DC5A-8565-4813-9B97-62B8E040E034}.Debug|Any CPU.Build.0 = Debug|Any CPU
		{C9A4DC5A-8565-4813-9B97-62B8E040E034}.Release|Any CPU.ActiveCfg = Release|Any CPU
		{C9A4DC5A-8565-4813-9B97-62B8E040E034}.Release|Any CPU.Build.0 = Release|Any CPU
		{3E5D91B7-EA88-415C-984C-A7ED7A87ED39}.Debug|Any CPU.ActiveCfg = Debug|Any CPU
		{3E5D91B7-EA88-415C-984C-A7ED7A87ED39}.Debug|Any CPU.Build.0 = Debug|Any CPU
		{3E5D91B7-EA88-415C-984C-A7ED7A87ED39}.Release|Any CPU.ActiveCfg = Release|Any CPU
		{3E5D91B7-EA88-415C-984C-A7ED7A87ED39}.Release|Any CPU.Build.0 = Release|Any CPU
	EndGlobalSection
	GlobalSection(SolutionProperties) = preSolution
		HideSolutionNode = FALSE
	EndGlobalSection
	GlobalSection(ExtensibilityGlobals) = postSolution
		SolutionGuid = {CCB963C8-A74A-4814-BE46-9DF08BE6F4C6}
	EndGlobalSection
EndGlobal
